// !$*UTF8*$!
{
	archiveVersion = 1;
	classes = {
	};
	objectVersion = 55;
	objects = {

/* Begin PBXBuildFile section */
		A837C8CD298D736C0026501D /* AppDelegate.swift in Sources */ = {isa = PBXBuildFile; fileRef = A837C8CC298D736C0026501D /* AppDelegate.swift */; };
		A837C8CF298D736C0026501D /* SceneDelegate.swift in Sources */ = {isa = PBXBuildFile; fileRef = A837C8CE298D736C0026501D /* SceneDelegate.swift */; };
		A837C8D1298D736C0026501D /* ViewController.swift in Sources */ = {isa = PBXBuildFile; fileRef = A837C8D0298D736C0026501D /* ViewController.swift */; };
		A837C8D6298D736D0026501D /* Assets.xcassets in Resources */ = {isa = PBXBuildFile; fileRef = A837C8D5298D736D0026501D /* Assets.xcassets */; };
		A837C8D9298D736D0026501D /* LaunchScreen.storyboard in Resources */ = {isa = PBXBuildFile; fileRef = A837C8D7298D736D0026501D /* LaunchScreen.storyboard */; };
		A837C8E6298D75140026501D /* Main.storyboard in Resources */ = {isa = PBXBuildFile; fileRef = A837C8E4298D75140026501D /* Main.storyboard */; };
		A837C8E9298D758C0026501D /* Story.swift in Sources */ = {isa = PBXBuildFile; fileRef = A837C8E8298D758C0026501D /* Story.swift */; };
		A837C8EC298D75B70026501D /* StoryBrain.swift in Sources */ = {isa = PBXBuildFile; fileRef = A837C8EB298D75B70026501D /* StoryBrain.swift */; };
/* End PBXBuildFile section */

/* Begin PBXFileReference section */
		A837C8C9298D736C0026501D /* Destini Joy.app */ = {isa = PBXFileReference; explicitFileType = wrapper.application; includeInIndex = 0; path = "Destini Joy.app"; sourceTree = BUILT_PRODUCTS_DIR; };
		A837C8CC298D736C0026501D /* AppDelegate.swift */ = {isa = PBXFileReference; lastKnownFileType = sourcecode.swift; path = AppDelegate.swift; sourceTree = "<group>"; };
		A837C8CE298D736C0026501D /* SceneDelegate.swift */ = {isa = PBXFileReference; lastKnownFileType = sourcecode.swift; path = SceneDelegate.swift; sourceTree = "<group>"; };
		A837C8D0298D736C0026501D /* ViewController.swift */ = {isa = PBXFileReference; lastKnownFileType = sourcecode.swift; path = ViewController.swift; sourceTree = "<group>"; };
		A837C8D5298D736D0026501D /* Assets.xcassets */ = {isa = PBXFileReference; lastKnownFileType = folder.assetcatalog; path = Assets.xcassets; sourceTree = "<group>"; };
		A837C8D8298D736D0026501D /* Base */ = {isa = PBXFileReference; lastKnownFileType = file.storyboard; name = Base; path = Base.lproj/LaunchScreen.storyboard; sourceTree = "<group>"; };
		A837C8DA298D736D0026501D /* Info.plist */ = {isa = PBXFileReference; lastKnownFileType = text.plist.xml; path = Info.plist; sourceTree = "<group>"; };
		A837C8E5298D75140026501D /* Base */ = {isa = PBXFileReference; lastKnownFileType = file.storyboard; name = Base; path = Base.lproj/Main.storyboard; sourceTree = "<group>"; };
		A837C8E8298D758C0026501D /* Story.swift */ = {isa = PBXFileReference; lastKnownFileType = sourcecode.swift; path = Story.swift; sourceTree = "<group>"; };
		A837C8EB298D75B70026501D /* StoryBrain.swift */ = {isa = PBXFileReference; lastKnownFileType = sourcecode.swift; path = StoryBrain.swift; sourceTree = "<group>"; };
/* End PBXFileReference section */

/* Begin PBXFrameworksBuildPhase section */
		A837C8C6298D736C0026501D /* Frameworks */ = {
			isa = PBXFrameworksBuildPhase;
			buildActionMask = 2147483647;
			files = (
			);
			runOnlyForDeploymentPostprocessing = 0;
		};
/* End PBXFrameworksBuildPhase section */

/* Begin PBXGroup section */
		A837C8C0298D736C0026501D = {
			isa = PBXGroup;
			children = (
				A837C8CB298D736C0026501D /* Destini Joy */,
				A837C8CA298D736C0026501D /* Products */,
			);
			sourceTree = "<group>";
		};
		A837C8CA298D736C0026501D /* Products */ = {
			isa = PBXGroup;
			children = (
				A837C8C9298D736C0026501D /* Destini Joy.app */,
			);
			name = Products;
			sourceTree = "<group>";
		};
		A837C8CB298D736C0026501D /* Destini Joy */ = {
			isa = PBXGroup;
			children = (
				A837C8CC298D736C0026501D /* AppDelegate.swift */,
				A837C8CE298D736C0026501D /* SceneDelegate.swift */,
				A837C8D5298D736D0026501D /* Assets.xcassets */,
				A837C8D7298D736D0026501D /* LaunchScreen.storyboard */,
				A837C8DA298D736D0026501D /* Info.plist */,
				A837C8EA298D758F0026501D /* Model */,
				A837C8E7298D755B0026501D /* Controller */,
				A837C8E3298D75140026501D /* View */,
			);
			path = "Destini Joy";
			sourceTree = "<group>";
		};
		A837C8E3298D75140026501D /* View */ = {
			isa = PBXGroup;
			children = (
				A837C8E4298D75140026501D /* Main.storyboard */,
			);
			path = View;
			sourceTree = "<group>";
		};
		A837C8E7298D755B0026501D /* Controller */ = {
			isa = PBXGroup;
			children = (
				A837C8D0298D736C0026501D /* ViewController.swift */,
			);
			path = Controller;
			sourceTree = "<group>";
		};
		A837C8EA298D758F0026501D /* Model */ = {
			isa = PBXGroup;
			children = (
				A837C8E8298D758C0026501D /* Story.swift */,
				A837C8EB298D75B70026501D /* StoryBrain.swift */,
			);
			path = Model;
			sourceTree = "<group>";
		};
/* End PBXGroup section */

/* Begin PBXNativeTarget section */
		A837C8C8298D736C0026501D /* Destini Joy */ = {
			isa = PBXNativeTarget;
			buildConfigurationList = A837C8DD298D736D0026501D /* Build configuration list for PBXNativeTarget "Destini Joy" */;
			buildPhases = (
				A837C8C5298D736C0026501D /* Sources */,
				A837C8C6298D736C0026501D /* Frameworks */,
				A837C8C7298D736C0026501D /* Resources */,
			);
			buildRules = (
			);
			dependencies = (
			);
			name = "Destini Joy";
			productName = "Destini Joy";
			productReference = A837C8C9298D736C0026501D /* Destini Joy.app */;
			productType = "com.apple.product-type.application";
		};
/* End PBXNativeTarget section */

/* Begin PBXProject section */
		A837C8C1298D736C0026501D /* Project object */ = {
			isa = PBXProject;
			attributes = {
				BuildIndependentTargetsInParallel = 1;
				LastSwiftUpdateCheck = 1340;
				LastUpgradeCheck = 1340;
				TargetAttributes = {
					A837C8C8298D736C0026501D = {
						CreatedOnToolsVersion = 13.4.1;
					};
				};
			};
			buildConfigurationList = A837C8C4298D736C0026501D /* Build configuration list for PBXProject "Destini Joy" */;
			compatibilityVersion = "Xcode 13.0";
			developmentRegion = en;
			hasScannedForEncodings = 0;
			knownRegions = (
				en,
				Base,
			);
			mainGroup = A837C8C0298D736C0026501D;
			productRefGroup = A837C8CA298D736C0026501D /* Products */;
			projectDirPath = "";
			projectRoot = "";
			targets = (
				A837C8C8298D736C0026501D /* Destini Joy */,
			);
		};
/* End PBXProject section */

/* Begin PBXResourcesBuildPhase section */
		A837C8C7298D736C0026501D /* Resources */ = {
			isa = PBXResourcesBuildPhase;
			buildActionMask = 2147483647;
			files = (
				A837C8D9298D736D0026501D /* LaunchScreen.storyboard in Resources */,
				A837C8D6298D736D0026501D /* Assets.xcassets in Resources */,
				A837C8E6298D75140026501D /* Main.storyboard in Resources */,
			);
			runOnlyForDeploymentPostprocessing = 0;
		};
/* End PBXResourcesBuildPhase section */

/* Begin PBXSourcesBuildPhase section */
		A837C8C5298D736C0026501D /* Sources */ = {
			isa = PBXSourcesBuildPhase;
			buildActionMask = 2147483647;
			files = (
				A837C8EC298D75B70026501D /* StoryBrain.swift in Sources */,
				A837C8D1298D736C0026501D /* ViewController.swift in Sources */,
				A837C8CD298D736C0026501D /* AppDelegate.swift in Sources */,
				A837C8CF298D736C0026501D /* SceneDelegate.swift in Sources */,
				A837C8E9298D758C0026501D /* Story.swift in Sources */,
			);
			runOnlyForDeploymentPostprocessing = 0;
		};
/* End PBXSourcesBuildPhase section */

/* Begin PBXVariantGroup section */
		A837C8D7298D736D0026501D /* LaunchScreen.storyboard */ = {
			isa = PBXVariantGroup;
			children = (
				A837C8D8298D736D0026501D /* Base */,
			);
			name = LaunchScreen.storyboard;
			sourceTree = "<group>";
		};
		A837C8E4298D75140026501D /* Main.storyboard */ = {
			isa = PBXVariantGroup;
			children = (
				A837C8E5298D75140026501D /* Base */,
			);
			name = Main.storyboard;
			sourceTree = "<group>";
		};
/* End PBXVariantGroup section */

/* Begin XCBuildConfiguration section */
		A837C8DB298D736D0026501D /* Debug */ = {
			isa = XCBuildConfiguration;
			buildSettings = {
				ALWAYS_SEARCH_USER_PATHS = NO;
				CLANG_ANALYZER_NONNULL = YES;
				CLANG_ANALYZER_NUMBER_OBJECT_CONVERSION = YES_AGGRESSIVE;
				CLANG_CXX_LANGUAGE_STANDARD = "gnu++17";
				CLANG_ENABLE_MODULES = YES;
				CLANG_ENABLE_OBJC_ARC = YES;
				CLANG_ENABLE_OBJC_WEAK = YES;
				CLANG_WARN_BLOCK_CAPTURE_AUTORELEASING = YES;
				CLANG_WARN_BOOL_CONVERSION = YES;
				CLANG_WARN_COMMA = YES;
				CLANG_WARN_CONSTANT_CONVERSION = YES;
				CLANG_WARN_DEPRECATED_OBJC_IMPLEMENTATIONS = YES;
				CLANG_WARN_DIRECT_OBJC_ISA_USAGE = YES_ERROR;
				CLANG_WARN_DOCUMENTATION_COMMENTS = YES;
				CLANG_WARN_EMPTY_BODY = YES;
				CLANG_WARN_ENUM_CONVERSION = YES;
				CLANG_WARN_INFINITE_RECURSION = YES;
				CLANG_WARN_INT_CONVERSION = YES;
				CLANG_WARN_NON_LITERAL_NULL_CONVERSION = YES;
				CLANG_WARN_OBJC_IMPLICIT_RETAIN_SELF = YES;
				CLANG_WARN_OBJC_LITERAL_CONVERSION = YES;
				CLANG_WARN_OBJC_ROOT_CLASS = YES_ERROR;
				CLANG_WARN_QUOTED_INCLUDE_IN_FRAMEWORK_HEADER = YES;
				CLANG_WARN_RANGE_LOOP_ANALYSIS = YES;
				CLANG_WARN_STRICT_PROTOTYPES = YES;
				CLANG_WARN_SUSPICIOUS_MOVE = YES;
				CLANG_WARN_UNGUARDED_AVAILABILITY = YES_AGGRESSIVE;
				CLANG_WARN_UNREACHABLE_CODE = YES;
				CLANG_WARN__DUPLICATE_METHOD_MATCH = YES;
				COPY_PHASE_STRIP = NO;
				DEBUG_INFORMATION_FORMAT = dwarf;
				ENABLE_STRICT_OBJC_MSGSEND = YES;
				ENABLE_TESTABILITY = YES;
				GCC_C_LANGUAGE_STANDARD = gnu11;
				GCC_DYNAMIC_NO_PIC = NO;
				GCC_NO_COMMON_BLOCKS = YES;
				GCC_OPTIMIZATION_LEVEL = 0;
				GCC_PREPROCESSOR_DEFINITIONS = (
					"DEBUG=1",
					"$(inherited)",
				);
				GCC_WARN_64_TO_32_BIT_CONVERSION = YES;
				GCC_WARN_ABOUT_RETURN_TYPE = YES_ERROR;
				GCC_WARN_UNDECLARED_SELECTOR = YES;
				GCC_WARN_UNINITIALIZED_AUTOS = YES_AGGRESSIVE;
				GCC_WARN_UNUSED_FUNCTION = YES;
				GCC_WARN_UNUSED_VARIABLE = YES;
				IPHONEOS_DEPLOYMENT_TARGET = 15.5;
				MTL_ENABLE_DEBUG_INFO = INCLUDE_SOURCE;
				MTL_FAST_MATH = YES;
				ONLY_ACTIVE_ARCH = YES;
				SDKROOT = iphoneos;
				SWIFT_ACTIVE_COMPILATION_CONDITIONS = DEBUG;
				SWIFT_OPTIMIZATION_LEVEL = "-Onone";
			};
			name = Debug;
		};
		A837C8DC298D736D0026501D /* Release */ = {
			isa = XCBuildConfiguration;
			buildSettings = {
				ALWAYS_SEARCH_USER_PATHS = NO;
				CLANG_ANALYZER_NONNULL = YES;
				CLANG_ANALYZER_NUMBER_OBJECT_CONVERSION = YES_AGGRESSIVE;
				CLANG_CXX_LANGUAGE_STANDARD = "gnu++17";
				CLANG_ENABLE_MODULES = YES;
				CLANG_ENABLE_OBJC_ARC = YES;
				CLANG_ENABLE_OBJC_WEAK = YES;
				CLANG_WARN_BLOCK_CAPTURE_AUTORELEASING = YES;
				CLANG_WARN_BOOL_CONVERSION = YES;
				CLANG_WARN_COMMA = YES;
				CLANG_WARN_CONSTANT_CONVERSION = YES;
				CLANG_WARN_DEPRECATED_OBJC_IMPLEMENTATIONS = YES;
				CLANG_WARN_DIRECT_OBJC_ISA_USAGE = YES_ERROR;
				CLANG_WARN_DOCUMENTATION_COMMENTS = YES;
				CLANG_WARN_EMPTY_BODY = YES;
				CLANG_WARN_ENUM_CONVERSION = YES;
				CLANG_WARN_INFINITE_RECURSION = YES;
				CLANG_WARN_INT_CONVERSION = YES;
				CLANG_WARN_NON_LITERAL_NULL_CONVERSION = YES;
				CLANG_WARN_OBJC_IMPLICIT_RETAIN_SELF = YES;
				CLANG_WARN_OBJC_LITERAL_CONVERSION = YES;
				CLANG_WARN_OBJC_ROOT_CLASS = YES_ERROR;
				CLANG_WARN_QUOTED_INCLUDE_IN_FRAMEWORK_HEADER = YES;
				CLANG_WARN_RANGE_LOOP_ANALYSIS = YES;
				CLANG_WARN_STRICT_PROTOTYPES = YES;
				CLANG_WARN_SUSPICIOUS_MOVE = YES;
				CLANG_WARN_UNGUARDED_AVAILABILITY = YES_AGGRESSIVE;
				CLANG_WARN_UNREACHABLE_CODE = YES;
				CLANG_WARN__DUPLICATE_METHOD_MATCH = YES;
				COPY_PHASE_STRIP = NO;
				DEBUG_INFORMATION_FORMAT = "dwarf-with-dsym";
				ENABLE_NS_ASSERTIONS = NO;
				ENABLE_STRICT_OBJC_MSGSEND = YES;
				GCC_C_LANGUAGE_STANDARD = gnu11;
				GCC_NO_COMMON_BLOCKS = YES;
				GCC_WARN_64_TO_32_BIT_CONVERSION = YES;
				GCC_WARN_ABOUT_RETURN_TYPE = YES_ERROR;
				GCC_WARN_UNDECLARED_SELECTOR = YES;
				GCC_WARN_UNINITIALIZED_AUTOS = YES_AGGRESSIVE;
				GCC_WARN_UNUSED_FUNCTION = YES;
				GCC_WARN_UNUSED_VARIABLE = YES;
				IPHONEOS_DEPLOYMENT_TARGET = 15.5;
				MTL_ENABLE_DEBUG_INFO = NO;
				MTL_FAST_MATH = YES;
				SDKROOT = iphoneos;
				SWIFT_COMPILATION_MODE = wholemodule;
				SWIFT_OPTIMIZATION_LEVEL = "-O";
				VALIDATE_PRODUCT = YES;
			};
			name = Release;
		};
		A837C8DE298D736D0026501D /* Debug */ = {
			isa = XCBuildConfiguration;
			buildSettings = {
				ASSETCATALOG_COMPILER_APPICON_NAME = AppIcon;
				ASSETCATALOG_COMPILER_GLOBAL_ACCENT_COLOR_NAME = AccentColor;
				CODE_SIGN_STYLE = Automatic;
				CURRENT_PROJECT_VERSION = 1;
				GENERATE_INFOPLIST_FILE = YES;
				INFOPLIST_FILE = "Destini Joy/Info.plist";
				INFOPLIST_KEY_UIApplicationSupportsIndirectInputEvents = YES;
				INFOPLIST_KEY_UILaunchStoryboardName = LaunchScreen;
				INFOPLIST_KEY_UIMainStoryboardFile = Main;
				INFOPLIST_KEY_UISupportedInterfaceOrientations = UIInterfaceOrientationPortrait;
				INFOPLIST_KEY_UISupportedInterfaceOrientations_iPad = "UIInterfaceOrientationPortrait UIInterfaceOrientationPortraitUpsideDown UIInterfaceOrientationLandscapeLeft UIInterfaceOrientationLandscapeRight";
				INFOPLIST_KEY_UISupportedInterfaceOrientations_iPhone = "UIInterfaceOrientationPortrait UIInterfaceOrientationLandscapeLeft UIInterfaceOrientationLandscapeRight";
				LD_RUNPATH_SEARCH_PATHS = (
					"$(inherited)",
					"@executable_path/Frameworks",
				);
				MARKETING_VERSION = 1.0;
				PRODUCT_BUNDLE_IDENTIFIER = "com.mi11ersoft.Destini-Joy";
				PRODUCT_NAME = "$(TARGET_NAME)";
				SWIFT_EMIT_LOC_STRINGS = YES;
				SWIFT_VERSION = 5.0;
				TARGETED_DEVICE_FAMILY = "1,2";
			};
			name = Debug;
		};
		A837C8DF298D736D0026501D /* Release */ = {
			isa = XCBuildConfiguration;
			buildSettings = {
				ASSETCATALOG_COMPILER_APPICON_NAME = AppIcon;
				ASSETCATALOG_COMPILER_GLOBAL_ACCENT_COLOR_NAME = AccentColor;
				CODE_SIGN_STYLE = Automatic;
				CURRENT_PROJECT_VERSION = 1;
				GENERATE_INFOPLIST_FILE = YES;
				INFOPLIST_FILE = "Destini Joy/Info.plist";
				INFOPLIST_KEY_UIApplicationSupportsIndirectInputEvents = YES;
				INFOPLIST_KEY_UILaunchStoryboardName = LaunchScreen;
				INFOPLIST_KEY_UIMainStoryboardFile = Main;
				INFOPLIST_KEY_UISupportedInterfaceOrientations = UIInterfaceOrientationPortrait;
				INFOPLIST_KEY_UISupportedInterfaceOrientations_iPad = "UIInterfaceOrientationPortrait UIInterfaceOrientationPortraitUpsideDown UIInterfaceOrientationLandscapeLeft UIInterfaceOrientationLandscapeRight";
				INFOPLIST_KEY_UISupportedInterfaceOrientations_iPhone = "UIInterfaceOrientationPortrait UIInterfaceOrientationLandscapeLeft UIInterfaceOrientationLandscapeRight";
				LD_RUNPATH_SEARCH_PATHS = (
					"$(inherited)",
					"@executable_path/Frameworks",
				);
				MARKETING_VERSION = 1.0;
				PRODUCT_BUNDLE_IDENTIFIER = "com.mi11ersoft.Destini-Joy";
				PRODUCT_NAME = "$(TARGET_NAME)";
				SWIFT_EMIT_LOC_STRINGS = YES;
				SWIFT_VERSION = 5.0;
				TARGETED_DEVICE_FAMILY = "1,2";
			};
			name = Release;
		};
/* End XCBuildConfiguration section */

/* Begin XCConfigurationList section */
		A837C8C4298D736C0026501D /* Build configuration list for PBXProject "Destini Joy" */ = {
			isa = XCConfigurationList;
			buildConfigurations = (
				A837C8DB298D736D0026501D /* Debug */,
				A837C8DC298D736D0026501D /* Release */,
			);
			defaultConfigurationIsVisible = 0;
			defaultConfigurationName = Release;
		};
		A837C8DD298D736D0026501D /* Build configuration list for PBXNativeTarget "Destini Joy" */ = {
			isa = XCConfigurationList;
			buildConfigurations = (
				A837C8DE298D736D0026501D /* Debug */,
				A837C8DF298D736D0026501D /* Release */,
			);
			defaultConfigurationIsVisible = 0;
			defaultConfigurationName = Release;
		};
/* End XCConfigurationList section */
	};
	rootObject = A837C8C1298D736C0026501D /* Project object */;
}
